// !$*UTF8*$!
{
	archiveVersion = 1;
	classes = {
	};
	objectVersion = 46;
	objects = {

/* Begin PBXBuildFile section */
		18EF1C491C858D9B001DD95A /* Assets.xcassets in Resources */ = {isa = PBXBuildFile; fileRef = 18EF1C481C858D9B001DD95A /* Assets.xcassets */; };
		18EF1C831C8598F9001DD95A /* AppDelegate.m in Sources */ = {isa = PBXBuildFile; fileRef = 18EF1C6B1C8598F9001DD95A /* AppDelegate.m */; };
		18EF1C871C8598F9001DD95A /* LaunchScreen.storyboard in Resources */ = {isa = PBXBuildFile; fileRef = 18EF1C711C8598F9001DD95A /* LaunchScreen.storyboard */; };
		18EF1C881C8598F9001DD95A /* main.m in Sources */ = {isa = PBXBuildFile; fileRef = 18EF1C721C8598F9001DD95A /* main.m */; };
		18EF1C891C8598F9001DD95A /* ViewController.m in Sources */ = {isa = PBXBuildFile; fileRef = 18EF1C7D1C8598F9001DD95A /* ViewController.m */; };
		18EF1C8A1C8598F9001DD95A /* Main.storyboard in Resources */ = {isa = PBXBuildFile; fileRef = 18EF1C801C8598F9001DD95A /* Main.storyboard */; };
		18EF1C8C1C85992E001DD95A /* Info.plist in Resources */ = {isa = PBXBuildFile; fileRef = 18EF1C8B1C85992E001DD95A /* Info.plist */; };
/* End PBXBuildFile section */

/* Begin PBXFileReference section */
		18EF1C391C858D9B001DD95A /* MonkeyJoker.app */ = {isa = PBXFileReference; explicitFileType = wrapper.application; includeInIndex = 0; path = MonkeyJoker.app; sourceTree = BUILT_PRODUCTS_DIR; };
		18EF1C481C858D9B001DD95A /* Assets.xcassets */ = {isa = PBXFileReference; lastKnownFileType = folder.assetcatalog; path = Assets.xcassets; sourceTree = "<group>"; };
		18EF1C6A1C8598F9001DD95A /* AppDelegate.h */ = {isa = PBXFileReference; fileEncoding = 4; lastKnownFileType = sourcecode.c.h; path = AppDelegate.h; sourceTree = "<group>"; };
		18EF1C6B1C8598F9001DD95A /* AppDelegate.m */ = {isa = PBXFileReference; fileEncoding = 4; lastKnownFileType = sourcecode.c.objc; path = AppDelegate.m; sourceTree = "<group>"; };
		18EF1C711C8598F9001DD95A /* LaunchScreen.storyboard */ = {isa = PBXFileReference; fileEncoding = 4; lastKnownFileType = file.storyboard; path = LaunchScreen.storyboard; sourceTree = "<group>"; };
		18EF1C721C8598F9001DD95A /* main.m */ = {isa = PBXFileReference; fileEncoding = 4; lastKnownFileType = sourcecode.c.objc; path = main.m; sourceTree = "<group>"; };
		18EF1C7C1C8598F9001DD95A /* ViewController.h */ = {isa = PBXFileReference; fileEncoding = 4; lastKnownFileType = sourcecode.c.h; path = ViewController.h; sourceTree = "<group>"; };
		18EF1C7D1C8598F9001DD95A /* ViewController.m */ = {isa = PBXFileReference; fileEncoding = 4; lastKnownFileType = sourcecode.c.objc; path = ViewController.m; sourceTree = "<group>"; };
		18EF1C801C8598F9001DD95A /* Main.storyboard */ = {isa = PBXFileReference; fileEncoding = 4; lastKnownFileType = file.storyboard; path = Main.storyboard; sourceTree = "<group>"; };
		18EF1C8B1C85992E001DD95A /* Info.plist */ = {isa = PBXFileReference; fileEncoding = 4; lastKnownFileType = text.plist.xml; path = Info.plist; sourceTree = "<group>"; };
/* End PBXFileReference section */

/* Begin PBXFrameworksBuildPhase section */
		18EF1C361C858D9B001DD95A /* Frameworks */ = {
			isa = PBXFrameworksBuildPhase;
			buildActionMask = 2147483647;
			files = (
			);
			runOnlyForDeploymentPostprocessing = 0;
		};
/* End PBXFrameworksBuildPhase section */

/* Begin PBXGroup section */
		18EF1C301C858D9B001DD95A = {
			isa = PBXGroup;
			children = (
				18EF1C3B1C858D9B001DD95A /* MonkeyJoker */,
				18EF1C3A1C858D9B001DD95A /* Products */,
			);
			sourceTree = "<group>";
		};
		18EF1C3A1C858D9B001DD95A /* Products */ = {
			isa = PBXGroup;
			children = (
				18EF1C391C858D9B001DD95A /* MonkeyJoker.app */,
			);
			name = Products;
			sourceTree = "<group>";
		};
		18EF1C3B1C858D9B001DD95A /* MonkeyJoker */ = {
			isa = PBXGroup;
			children = (
				18EF1C691C8598F9001DD95A /* Application */,
				18EF1C731C8598F9001DD95A /* Base */,
				18EF1C741C8598F9001DD95A /* Categories */,
				18EF1C751C8598F9001DD95A /* Database */,
				18EF1C761C8598F9001DD95A /* Handler */,
				18EF1C771C8598F9001DD95A /* Network */,
				18EF1C781C8598F9001DD95A /* Resource */,
				18EF1C791C8598F9001DD95A /* Sections */,
				18EF1C811C8598F9001DD95A /* Storage */,
				18EF1C821C8598F9001DD95A /* Utils */,
				18EF1C481C858D9B001DD95A /* Assets.xcassets */,
			);
			path = MonkeyJoker;
			sourceTree = "<group>";
		};
		18EF1C691C8598F9001DD95A /* Application */ = {
			isa = PBXGroup;
			children = (
				18EF1C6A1C8598F9001DD95A /* AppDelegate.h */,
				18EF1C6B1C8598F9001DD95A /* AppDelegate.m */,
				18EF1C711C8598F9001DD95A /* LaunchScreen.storyboard */,
				18EF1C721C8598F9001DD95A /* main.m */,
				18EF1C8B1C85992E001DD95A /* Info.plist */,
			);
			path = Application;
			sourceTree = "<group>";
		};
		18EF1C731C8598F9001DD95A /* Base */ = {
			isa = PBXGroup;
			children = (
			);
			path = Base;
			sourceTree = "<group>";
		};
		18EF1C741C8598F9001DD95A /* Categories */ = {
			isa = PBXGroup;
			children = (
			);
			path = Categories;
			sourceTree = "<group>";
		};
		18EF1C751C8598F9001DD95A /* Database */ = {
			isa = PBXGroup;
			children = (
			);
			path = Database;
			sourceTree = "<group>";
		};
		18EF1C761C8598F9001DD95A /* Handler */ = {
			isa = PBXGroup;
			children = (
			);
			path = Handler;
			sourceTree = "<group>";
		};
		18EF1C771C8598F9001DD95A /* Network */ = {
			isa = PBXGroup;
			children = (
			);
			path = Network;
			sourceTree = "<group>";
		};
		18EF1C781C8598F9001DD95A /* Resource */ = {
			isa = PBXGroup;
			children = (
			);
			path = Resource;
			sourceTree = "<group>";
		};
		18EF1C791C8598F9001DD95A /* Sections */ = {
			isa = PBXGroup;
			children = (
				18EF1C7A1C8598F9001DD95A /* Home */,
			);
			path = Sections;
			sourceTree = "<group>";
		};
		18EF1C7A1C8598F9001DD95A /* Home */ = {
			isa = PBXGroup;
			children = (
				18EF1C7B1C8598F9001DD95A /* Controller */,
				18EF1C7E1C8598F9001DD95A /* Model */,
				18EF1C7F1C8598F9001DD95A /* View */,
			);
			path = Home;
			sourceTree = "<group>";
		};
		18EF1C7B1C8598F9001DD95A /* Controller */ = {
			isa = PBXGroup;
			children = (
				18EF1C7C1C8598F9001DD95A /* ViewController.h */,
				18EF1C7D1C8598F9001DD95A /* ViewController.m */,
			);
			path = Controller;
			sourceTree = "<group>";
		};
		18EF1C7E1C8598F9001DD95A /* Model */ = {
			isa = PBXGroup;
			children = (
			);
			path = Model;
			sourceTree = "<group>";
		};
		18EF1C7F1C8598F9001DD95A /* View */ = {
			isa = PBXGroup;
			children = (
				18EF1C801C8598F9001DD95A /* Main.storyboard */,
			);
			path = View;
			sourceTree = "<group>";
		};
		18EF1C811C8598F9001DD95A /* Storage */ = {
			isa = PBXGroup;
			children = (
			);
			path = Storage;
			sourceTree = "<group>";
		};
		18EF1C821C8598F9001DD95A /* Utils */ = {
			isa = PBXGroup;
			children = (
			);
			path = Utils;
			sourceTree = "<group>";
		};
/* End PBXGroup section */

/* Begin PBXNativeTarget section */
		18EF1C381C858D9B001DD95A /* MonkeyJoker */ = {
			isa = PBXNativeTarget;
			buildConfigurationList = 18EF1C501C858D9B001DD95A /* Build configuration list for PBXNativeTarget "MonkeyJoker" */;
			buildPhases = (
				18EF1C351C858D9B001DD95A /* Sources */,
				18EF1C361C858D9B001DD95A /* Frameworks */,
				18EF1C371C858D9B001DD95A /* Resources */,
			);
			buildRules = (
			);
			dependencies = (
			);
			name = MonkeyJoker;
			productName = MonkeyJoker;
			productReference = 18EF1C391C858D9B001DD95A /* MonkeyJoker.app */;
			productType = "com.apple.product-type.application";
		};
/* End PBXNativeTarget section */

/* Begin PBXProject section */
		18EF1C311C858D9B001DD95A /* Project object */ = {
			isa = PBXProject;
			attributes = {
				LastUpgradeCheck = 0720;
				ORGANIZATIONNAME = "郑宇强";
				TargetAttributes = {
					18EF1C381C858D9B001DD95A = {
						CreatedOnToolsVersion = 7.2;
					};
				};
			};
			buildConfigurationList = 18EF1C341C858D9B001DD95A /* Build configuration list for PBXProject "MonkeyJoker" */;
			compatibilityVersion = "Xcode 3.2";
			developmentRegion = English;
			hasScannedForEncodings = 0;
			knownRegions = (
				en,
				Base,
			);
			mainGroup = 18EF1C301C858D9B001DD95A;
			productRefGroup = 18EF1C3A1C858D9B001DD95A /* Products */;
			projectDirPath = "";
			projectRoot = "";
			targets = (
				18EF1C381C858D9B001DD95A /* MonkeyJoker */,
			);
		};
/* End PBXProject section */

/* Begin PBXResourcesBuildPhase section */
		18EF1C371C858D9B001DD95A /* Resources */ = {
			isa = PBXResourcesBuildPhase;
			buildActionMask = 2147483647;
			files = (
				18EF1C491C858D9B001DD95A /* Assets.xcassets in Resources */,
				18EF1C8C1C85992E001DD95A /* Info.plist in Resources */,
				18EF1C8A1C8598F9001DD95A /* Main.storyboard in Resources */,
				18EF1C871C8598F9001DD95A /* LaunchScreen.storyboard in Resources */,
			);
			runOnlyForDeploymentPostprocessing = 0;
		};
/* End PBXResourcesBuildPhase section */

/* Begin PBXSourcesBuildPhase section */
		18EF1C351C858D9B001DD95A /* Sources */ = {
			isa = PBXSourcesBuildPhase;
			buildActionMask = 2147483647;
			files = (
				18EF1C891C8598F9001DD95A /* ViewController.m in Sources */,
				18EF1C881C8598F9001DD95A /* main.m in Sources */,
				18EF1C831C8598F9001DD95A /* AppDelegate.m in Sources */,
			);
			runOnlyForDeploymentPostprocessing = 0;
		};
/* End PBXSourcesBuildPhase section */

/* Begin XCBuildConfiguration section */
		18EF1C4E1C858D9B001DD95A /* Debug */ = {
			isa = XCBuildConfiguration;
			buildSettings = {
				ALWAYS_SEARCH_USER_PATHS = NO;
				CLANG_CXX_LANGUAGE_STANDARD = "gnu++0x";
				CLANG_CXX_LIBRARY = "libc++";
				CLANG_ENABLE_MODULES = YES;
				CLANG_ENABLE_OBJC_ARC = YES;
				CLANG_WARN_BOOL_CONVERSION = YES;
				CLANG_WARN_CONSTANT_CONVERSION = YES;
				CLANG_WARN_DIRECT_OBJC_ISA_USAGE = YES_ERROR;
				CLANG_WARN_EMPTY_BODY = YES;
				CLANG_WARN_ENUM_CONVERSION = YES;
				CLANG_WARN_INT_CONVERSION = YES;
				CLANG_WARN_OBJC_ROOT_CLASS = YES_ERROR;
				CLANG_WARN_UNREACHABLE_CODE = YES;
				CLANG_WARN__DUPLICATE_METHOD_MATCH = YES;
				"CODE_SIGN_IDENTITY[sdk=iphoneos*]" = "iPhone Developer";
				COPY_PHASE_STRIP = NO;
				DEBUG_INFORMATION_FORMAT = dwarf;
				ENABLE_STRICT_OBJC_MSGSEND = YES;
				ENABLE_TESTABILITY = YES;
				GCC_C_LANGUAGE_STANDARD = gnu99;
				GCC_DYNAMIC_NO_PIC = NO;
				GCC_NO_COMMON_BLOCKS = YES;
				GCC_OPTIMIZATION_LEVEL = 0;
				GCC_PREPROCESSOR_DEFINITIONS = (
					"DEBUG=1",
					"$(inherited)",
				);
				GCC_WARN_64_TO_32_BIT_CONVERSION = YES;
				GCC_WARN_ABOUT_RETURN_TYPE = YES_ERROR;
				GCC_WARN_UNDECLARED_SELECTOR = YES;
				GCC_WARN_UNINITIALIZED_AUTOS = YES_AGGRESSIVE;
				GCC_WARN_UNUSED_FUNCTION = YES;
				GCC_WARN_UNUSED_VARIABLE = YES;
				IPHONEOS_DEPLOYMENT_TARGET = 9.2;
				MTL_ENABLE_DEBUG_INFO = YES;
				ONLY_ACTIVE_ARCH = YES;
				SDKROOT = iphoneos;
			};
			name = Debug;
		};
		18EF1C4F1C858D9B001DD95A /* Release */ = {
			isa = XCBuildConfiguration;
			buildSettings = {
				ALWAYS_SEARCH_USER_PATHS = NO;
				CLANG_CXX_LANGUAGE_STANDARD = "gnu++0x";
				CLANG_CXX_LIBRARY = "libc++";
				CLANG_ENABLE_MODULES = YES;
				CLANG_ENABLE_OBJC_ARC = YES;
				CLANG_WARN_BOOL_CONVERSION = YES;
				CLANG_WARN_CONSTANT_CONVERSION = YES;
				CLANG_WARN_DIRECT_OBJC_ISA_USAGE = YES_ERROR;
				CLANG_WARN_EMPTY_BODY = YES;
				CLANG_WARN_ENUM_CONVERSION = YES;
				CLANG_WARN_INT_CONVERSION = YES;
				CLANG_WARN_OBJC_ROOT_CLASS = YES_ERROR;
				CLANG_WARN_UNREACHABLE_CODE = YES;
				CLANG_WARN__DUPLICATE_METHOD_MATCH = YES;
				"CODE_SIGN_IDENTITY[sdk=iphoneos*]" = "iPhone Developer";
				COPY_PHASE_STRIP = NO;
				DEBUG_INFORMATION_FORMAT = "dwarf-with-dsym";
				ENABLE_NS_ASSERTIONS = NO;
				ENABLE_STRICT_OBJC_MSGSEND = YES;
				GCC_C_LANGUAGE_STANDARD = gnu99;
				GCC_NO_COMMON_BLOCKS = YES;
				GCC_WARN_64_TO_32_BIT_CONVERSION = YES;
				GCC_WARN_ABOUT_RETURN_TYPE = YES_ERROR;
				GCC_WARN_UNDECLARED_SELECTOR = YES;
				GCC_WARN_UNINITIALIZED_AUTOS = YES_AGGRESSIVE;
				GCC_WARN_UNUSED_FUNCTION = YES;
				GCC_WARN_UNUSED_VARIABLE = YES;
				IPHONEOS_DEPLOYMENT_TARGET = 9.2;
				MTL_ENABLE_DEBUG_INFO = NO;
				SDKROOT = iphoneos;
				VALIDATE_PRODUCT = YES;
			};
			name = Release;
		};
		18EF1C511C858D9B001DD95A /* Debug */ = {
			isa = XCBuildConfiguration;
			buildSettings = {
				ASSETCATALOG_COMPILER_APPICON_NAME = AppIcon;
				INFOPLIST_FILE = MonkeyJoker/Info.plist;
				LD_RUNPATH_SEARCH_PATHS = "$(inherited) @executable_path/Frameworks";
				PRODUCT_BUNDLE_IDENTIFIER = com.nbxuanma.MonkeyJoker;
				PRODUCT_NAME = "$(TARGET_NAME)";
			};
			name = Debug;
		};
		18EF1C521C858D9B001DD95A /* Release */ = {
			isa = XCBuildConfiguration;
			buildSettings = {
				ASSETCATALOG_COMPILER_APPICON_NAME = AppIcon;
				INFOPLIST_FILE = MonkeyJoker/Info.plist;
				LD_RUNPATH_SEARCH_PATHS = "$(inherited) @executable_path/Frameworks";
				PRODUCT_BUNDLE_IDENTIFIER = com.nbxuanma.MonkeyJoker;
				PRODUCT_NAME = "$(TARGET_NAME)";
			};
			name = Release;
		};
/* End XCBuildConfiguration section */

/* Begin XCConfigurationList section */
		18EF1C341C858D9B001DD95A /* Build configuration list for PBXProject "MonkeyJoker" */ = {
			isa = XCConfigurationList;
			buildConfigurations = (
				18EF1C4E1C858D9B001DD95A /* Debug */,
				18EF1C4F1C858D9B001DD95A /* Release */,
			);
			defaultConfigurationIsVisible = 0;
			defaultConfigurationName = Release;
		};
		18EF1C501C858D9B001DD95A /* Build configuration list for PBXNativeTarget "MonkeyJoker" */ = {
			isa = XCConfigurationList;
			buildConfigurations = (
				18EF1C511C858D9B001DD95A /* Debug */,
				18EF1C521C858D9B001DD95A /* Release */,
			);
			defaultConfigurationIsVisible = 0;
		};
/* End XCConfigurationList section */
	};
	rootObject = 18EF1C311C858D9B001DD95A /* Project object */;
}
